
Microsoft Visual Studio Solution File, Format Version 12.00
# Visual Studio 15
VisualStudioVersion = 15.0.28307.136
MinimumVisualStudioVersion = 10.0.40219.1
Project("{FAE04EC0-301F-11D3-BF4B-00C04F79EFBC}") = "TestBatproject", "TestBatproject\TestBatproject.csproj", "{6A607099-7146-4565-A514-DD00D839183E}"
EndProject
Global
	GlobalSection(SolutionConfigurationPlatforms) = preSolution
		Debug|Any CPU = Debug|Any CPU
		Release|Any CPU = Release|Any CPU
	EndGlobalSection
	GlobalSection(ProjectConfigurationPlatforms) = postSolution
		{6A607099-7146-4565-A514-DD00D839183E}.Debug|Any CPU.ActiveCfg = Debug|Any CPU
		{6A607099-7146-4565-A514-DD00D839183E}.Debug|Any CPU.Build.0 = Debug|Any CPU
		{6A607099-7146-4565-A514-DD00D839183E}.Release|Any CPU.ActiveCfg = Release|Any CPU
		{6A607099-7146-4565-A514-DD00D839183E}.Release|Any CPU.Build.0 = Release|Any CPU
	EndGlobalSection
	GlobalSection(SolutionProperties) = preSolution
		HideSolutionNode = FALSE
	EndGlobalSection
	GlobalSection(ExtensibilityGlobals) = postSolution
		SolutionGuid = {E76A6AB4-9101-4870-B389-D15E2349EAD4}
	EndGlobalSection
EndGlobal
